
Microsoft Visual Studio Solution File, Format Version 12.00
# Visual Studio 15
VisualStudioVersion = 15.0.28307.539
MinimumVisualStudioVersion = 10.0.40219.1
Project("{FAE04EC0-301F-11D3-BF4B-00C04F79EFBC}") = "Domain", "Domain\Domain\Domain.csproj", "{2E9FA555-AB89-4700-A4C9-9D344BC784CC}"
EndProject
Project("{FAE04EC0-301F-11D3-BF4B-00C04F79EFBC}") = "DataAccess", "DataAccess\DataAccess.csproj", "{F857B229-964D-4272-B971-A98F95495BED}"
EndProject
Project("{FAE04EC0-301F-11D3-BF4B-00C04F79EFBC}") = "Service", "Service\Service.csproj", "{2396E0FE-6BB0-4AD8-9B8E-888EE3EDA72A}"
EndProject
Project("{FAE04EC0-301F-11D3-BF4B-00C04F79EFBC}") = "WebApp", "WebApp\WebApp.csproj", "{C42292AB-A3B5-4715-B279-27B11C510CE2}"
EndProject
Project("{FAE04EC0-301F-11D3-BF4B-00C04F79EFBC}") = "DTOs", "DTOs\DTOs.csproj", "{F3E67058-EE0A-488B-A61C-C35739643FD6}"
EndProject
Global
	GlobalSection(SolutionConfigurationPlatforms) = preSolution
		Debug|Any CPU = Debug|Any CPU
		Release|Any CPU = Release|Any CPU
	EndGlobalSection
	GlobalSection(ProjectConfigurationPlatforms) = postSolution
		{2E9FA555-AB89-4700-A4C9-9D344BC784CC}.Debug|Any CPU.ActiveCfg = Debug|Any CPU
		{2E9FA555-AB89-4700-A4C9-9D344BC784CC}.Debug|Any CPU.Build.0 = Debug|Any CPU
		{2E9FA555-AB89-4700-A4C9-9D344BC784CC}.Release|Any CPU.ActiveCfg = Release|Any CPU
		{2E9FA555-AB89-4700-A4C9-9D344BC784CC}.Release|Any CPU.Build.0 = Release|Any CPU
		{F857B229-964D-4272-B971-A98F95495BED}.Debug|Any CPU.ActiveCfg = Debug|Any CPU
		{F857B229-964D-4272-B971-A98F95495BED}.Debug|Any CPU.Build.0 = Debug|Any CPU
		{F857B229-964D-4272-B971-A98F95495BED}.Release|Any CPU.ActiveCfg = Release|Any CPU
		{F857B229-964D-4272-B971-A98F95495BED}.Release|Any CPU.Build.0 = Release|Any CPU
		{2396E0FE-6BB0-4AD8-9B8E-888EE3EDA72A}.Debug|Any CPU.ActiveCfg = Debug|Any CPU
		{2396E0FE-6BB0-4AD8-9B8E-888EE3EDA72A}.Debug|Any CPU.Build.0 = Debug|Any CPU
		{2396E0FE-6BB0-4AD8-9B8E-888EE3EDA72A}.Release|Any CPU.ActiveCfg = Release|Any CPU
		{2396E0FE-6BB0-4AD8-9B8E-888EE3EDA72A}.Release|Any CPU.Build.0 = Release|Any CPU
		{C42292AB-A3B5-4715-B279-27B11C510CE2}.Debug|Any CPU.ActiveCfg = Debug|Any CPU
		{C42292AB-A3B5-4715-B279-27B11C510CE2}.Debug|Any CPU.Build.0 = Debug|Any CPU
		{C42292AB-A3B5-4715-B279-27B11C510CE2}.Release|Any CPU.ActiveCfg = Release|Any CPU
		{C42292AB-A3B5-4715-B279-27B11C510CE2}.Release|Any CPU.Build.0 = Release|Any CPU
		{F3E67058-EE0A-488B-A61C-C35739643FD6}.Debug|Any CPU.ActiveCfg = Debug|Any CPU
		{F3E67058-EE0A-488B-A61C-C35739643FD6}.Debug|Any CPU.Build.0 = Debug|Any CPU
		{F3E67058-EE0A-488B-A61C-C35739643FD6}.Release|Any CPU.ActiveCfg = Release|Any CPU
		{F3E67058-EE0A-488B-A61C-C35739643FD6}.Release|Any CPU.Build.0 = Release|Any CPU
	EndGlobalSection
	GlobalSection(SolutionProperties) = preSolution
		HideSolutionNode = FALSE
	EndGlobalSection
	GlobalSection(ExtensibilityGlobals) = postSolution
		SolutionGuid = {0A95C4C4-72D8-4CE4-BE32-B9159E47464F}
	EndGlobalSection
EndGlobal
